
Microsoft Visual Studio Solution File, Format Version 12.00
# Visual Studio Version 17
VisualStudioVersion = 17.3.32901.215
MinimumVisualStudioVersion = 10.0.40219.1
Project("{FAE04EC0-301F-11D3-BF4B-00C04F79EFBC}") = "MagicVilla_VillaAPI", "MagicVilla_VillaAPI\MagicVilla_VillaAPI.csproj", "{0EDECAA4-6852-4A3A-A695-03776F0EA66D}"
EndProject
Global
	GlobalSection(SolutionConfigurationPlatforms) = preSolution
		Debug|Any CPU = Debug|Any CPU
		Release|Any CPU = Release|Any CPU
	EndGlobalSection
	GlobalSection(ProjectConfigurationPlatforms) = postSolution
		{0EDECAA4-6852-4A3A-A695-03776F0EA66D}.Debug|Any CPU.ActiveCfg = Debug|Any CPU
		{0EDECAA4-6852-4A3A-A695-03776F0EA66D}.Debug|Any CPU.Build.0 = Debug|Any CPU
		{0EDECAA4-6852-4A3A-A695-03776F0EA66D}.Release|Any CPU.ActiveCfg = Release|Any CPU
		{0EDECAA4-6852-4A3A-A695-03776F0EA66D}.Release|Any CPU.Build.0 = Release|Any CPU
	EndGlobalSection
	GlobalSection(SolutionProperties) = preSolution
		HideSolutionNode = FALSE
	EndGlobalSection
	GlobalSection(ExtensibilityGlobals) = postSolution
		SolutionGuid = {E2024AE1-E239-4333-B0C2-2409067C079F}
	EndGlobalSection
EndGlobal
